// !$*UTF8*$!
{
	archiveVersion = 1;
	classes = {
	};
	objectVersion = 50;
	objects = {

/* Begin PBXBuildFile section */
		5412AAA6226D85C3001FBF51 /* UpcomingMoviesViewController.swift in Sources */ = {isa = PBXBuildFile; fileRef = 5412AAA5226D85C3001FBF51 /* UpcomingMoviesViewController.swift */; };
		5412AAA8226D89D5001FBF51 /* UpcomingCell.swift in Sources */ = {isa = PBXBuildFile; fileRef = 5412AAA7226D89D5001FBF51 /* UpcomingCell.swift */; };
		54280D1522572474001D55E8 /* AppDelegate.swift in Sources */ = {isa = PBXBuildFile; fileRef = 54280D1422572474001D55E8 /* AppDelegate.swift */; };
		54280D1A22572474001D55E8 /* Main.storyboard in Resources */ = {isa = PBXBuildFile; fileRef = 54280D1822572474001D55E8 /* Main.storyboard */; };
		54280D1C22572474001D55E8 /* Assets.xcassets in Resources */ = {isa = PBXBuildFile; fileRef = 54280D1B22572474001D55E8 /* Assets.xcassets */; };
		54280D1F22572474001D55E8 /* LaunchScreen.storyboard in Resources */ = {isa = PBXBuildFile; fileRef = 54280D1D22572474001D55E8 /* LaunchScreen.storyboard */; };
		54280D2A22572474001D55E8 /* FlixterTests.swift in Sources */ = {isa = PBXBuildFile; fileRef = 54280D2922572474001D55E8 /* FlixterTests.swift */; };
		54280D3522572669001D55E8 /* MoviesViewController.swift in Sources */ = {isa = PBXBuildFile; fileRef = 54280D3422572669001D55E8 /* MoviesViewController.swift */; };
		54969A4222679E8E0004F069 /* MovieDetailsViewControlelr.swift in Sources */ = {isa = PBXBuildFile; fileRef = 54969A4122679E8E0004F069 /* MovieDetailsViewControlelr.swift */; };
		54A17CF722698C2E00F63C23 /* CollectionDetailsViewController.swift in Sources */ = {isa = PBXBuildFile; fileRef = 54A17CF622698C2E00F63C23 /* CollectionDetailsViewController.swift */; };
		54D7CC112259CCD2007C780A /* MovieCell.swift in Sources */ = {isa = PBXBuildFile; fileRef = 54D7CC102259CCD2007C780A /* MovieCell.swift */; };
		54E5153D2268F2EE00D26088 /* MovieGridCell.swift in Sources */ = {isa = PBXBuildFile; fileRef = 54E5153C2268F2EE00D26088 /* MovieGridCell.swift */; };
		54F5557E226837E000C5BC5A /* MovieGridViewController.swift in Sources */ = {isa = PBXBuildFile; fileRef = 54F5557D226837E000C5BC5A /* MovieGridViewController.swift */; };
		E508A16EC8BDB6F782542F88 /* Pods_FlixterTests.framework in Frameworks */ = {isa = PBXBuildFile; fileRef = 66DAA483E4E9EC226A22AD21 /* Pods_FlixterTests.framework */; };
		EE150426FCBBFA1943BDEA0B /* Pods_Flixter.framework in Frameworks */ = {isa = PBXBuildFile; fileRef = CC491C8208AE874FC1CC16D5 /* Pods_Flixter.framework */; };
/* End PBXBuildFile section */

/* Begin PBXContainerItemProxy section */
		54280D2622572474001D55E8 /* PBXContainerItemProxy */ = {
			isa = PBXContainerItemProxy;
			containerPortal = 54280D0922572473001D55E8 /* Project object */;
			proxyType = 1;
			remoteGlobalIDString = 54280D1022572473001D55E8;
			remoteInfo = Flixter;
		};
/* End PBXContainerItemProxy section */

/* Begin PBXFileReference section */
		044C81A66628148EEA9F8F53 /* Pods-Flixter.release.xcconfig */ = {isa = PBXFileReference; includeInIndex = 1; lastKnownFileType = text.xcconfig; name = "Pods-Flixter.release.xcconfig"; path = "Target Support Files/Pods-Flixter/Pods-Flixter.release.xcconfig"; sourceTree = "<group>"; };
		5412AAA5226D85C3001FBF51 /* UpcomingMoviesViewController.swift */ = {isa = PBXFileReference; lastKnownFileType = sourcecode.swift; path = UpcomingMoviesViewController.swift; sourceTree = "<group>"; };
		5412AAA7226D89D5001FBF51 /* UpcomingCell.swift */ = {isa = PBXFileReference; lastKnownFileType = sourcecode.swift; path = UpcomingCell.swift; sourceTree = "<group>"; };
		54280D1122572474001D55E8 /* Flixter.app */ = {isa = PBXFileReference; explicitFileType = wrapper.application; includeInIndex = 0; path = Flixter.app; sourceTree = BUILT_PRODUCTS_DIR; };
		54280D1422572474001D55E8 /* AppDelegate.swift */ = {isa = PBXFileReference; lastKnownFileType = sourcecode.swift; path = AppDelegate.swift; sourceTree = "<group>"; };
		54280D1922572474001D55E8 /* Base */ = {isa = PBXFileReference; lastKnownFileType = file.storyboard; name = Base; path = Base.lproj/Main.storyboard; sourceTree = "<group>"; };
		54280D1B22572474001D55E8 /* Assets.xcassets */ = {isa = PBXFileReference; lastKnownFileType = folder.assetcatalog; path = Assets.xcassets; sourceTree = "<group>"; };
		54280D1E22572474001D55E8 /* Base */ = {isa = PBXFileReference; lastKnownFileType = file.storyboard; name = Base; path = Base.lproj/LaunchScreen.storyboard; sourceTree = "<group>"; };
		54280D2022572474001D55E8 /* Info.plist */ = {isa = PBXFileReference; lastKnownFileType = text.plist.xml; path = Info.plist; sourceTree = "<group>"; };
		54280D2522572474001D55E8 /* FlixterTests.xctest */ = {isa = PBXFileReference; explicitFileType = wrapper.cfbundle; includeInIndex = 0; path = FlixterTests.xctest; sourceTree = BUILT_PRODUCTS_DIR; };
		54280D2922572474001D55E8 /* FlixterTests.swift */ = {isa = PBXFileReference; lastKnownFileType = sourcecode.swift; path = FlixterTests.swift; sourceTree = "<group>"; };
		54280D2B22572474001D55E8 /* Info.plist */ = {isa = PBXFileReference; lastKnownFileType = text.plist.xml; path = Info.plist; sourceTree = "<group>"; };
		54280D3422572669001D55E8 /* MoviesViewController.swift */ = {isa = PBXFileReference; lastKnownFileType = sourcecode.swift; path = MoviesViewController.swift; sourceTree = "<group>"; };
		54969A4122679E8E0004F069 /* MovieDetailsViewControlelr.swift */ = {isa = PBXFileReference; lastKnownFileType = sourcecode.swift; path = MovieDetailsViewControlelr.swift; sourceTree = "<group>"; };
		54A17CF622698C2E00F63C23 /* CollectionDetailsViewController.swift */ = {isa = PBXFileReference; lastKnownFileType = sourcecode.swift; path = CollectionDetailsViewController.swift; sourceTree = "<group>"; };
		54D7CC102259CCD2007C780A /* MovieCell.swift */ = {isa = PBXFileReference; lastKnownFileType = sourcecode.swift; path = MovieCell.swift; sourceTree = "<group>"; };
		54E5153C2268F2EE00D26088 /* MovieGridCell.swift */ = {isa = PBXFileReference; lastKnownFileType = sourcecode.swift; path = MovieGridCell.swift; sourceTree = "<group>"; };
		54F5557D226837E000C5BC5A /* MovieGridViewController.swift */ = {isa = PBXFileReference; lastKnownFileType = sourcecode.swift; path = MovieGridViewController.swift; sourceTree = "<group>"; };
		554A75A82A7F6AC395DF9E78 /* Pods-FlixterTests.debug.xcconfig */ = {isa = PBXFileReference; includeInIndex = 1; lastKnownFileType = text.xcconfig; name = "Pods-FlixterTests.debug.xcconfig"; path = "Target Support Files/Pods-FlixterTests/Pods-FlixterTests.debug.xcconfig"; sourceTree = "<group>"; };
		66DAA483E4E9EC226A22AD21 /* Pods_FlixterTests.framework */ = {isa = PBXFileReference; explicitFileType = wrapper.framework; includeInIndex = 0; path = Pods_FlixterTests.framework; sourceTree = BUILT_PRODUCTS_DIR; };
		CC491C8208AE874FC1CC16D5 /* Pods_Flixter.framework */ = {isa = PBXFileReference; explicitFileType = wrapper.framework; includeInIndex = 0; path = Pods_Flixter.framework; sourceTree = BUILT_PRODUCTS_DIR; };
		DE0C8CD64A53E2B058952CE4 /* Pods-Flixter.debug.xcconfig */ = {isa = PBXFileReference; includeInIndex = 1; lastKnownFileType = text.xcconfig; name = "Pods-Flixter.debug.xcconfig"; path = "Target Support Files/Pods-Flixter/Pods-Flixter.debug.xcconfig"; sourceTree = "<group>"; };
		F73D0577E0A54B0DD554C31C /* Pods-FlixterTests.release.xcconfig */ = {isa = PBXFileReference; includeInIndex = 1; lastKnownFileType = text.xcconfig; name = "Pods-FlixterTests.release.xcconfig"; path = "Target Support Files/Pods-FlixterTests/Pods-FlixterTests.release.xcconfig"; sourceTree = "<group>"; };
/* End PBXFileReference section */

/* Begin PBXFrameworksBuildPhase section */
		54280D0E22572473001D55E8 /* Frameworks */ = {
			isa = PBXFrameworksBuildPhase;
			buildActionMask = 2147483647;
			files = (
				EE150426FCBBFA1943BDEA0B /* Pods_Flixter.framework in Frameworks */,
			);
			runOnlyForDeploymentPostprocessing = 0;
		};
		54280D2222572474001D55E8 /* Frameworks */ = {
			isa = PBXFrameworksBuildPhase;
			buildActionMask = 2147483647;
			files = (
				E508A16EC8BDB6F782542F88 /* Pods_FlixterTests.framework in Frameworks */,
			);
			runOnlyForDeploymentPostprocessing = 0;
		};
/* End PBXFrameworksBuildPhase section */

/* Begin PBXGroup section */
		39375239CF1BF36CD3FDDE61 /* Frameworks */ = {
			isa = PBXGroup;
			children = (
				CC491C8208AE874FC1CC16D5 /* Pods_Flixter.framework */,
				66DAA483E4E9EC226A22AD21 /* Pods_FlixterTests.framework */,
			);
			name = Frameworks;
			sourceTree = "<group>";
		};
		54280D0822572473001D55E8 = {
			isa = PBXGroup;
			children = (
				54280D1322572474001D55E8 /* Flixter */,
				54280D2822572474001D55E8 /* FlixterTests */,
				54280D1222572474001D55E8 /* Products */,
				9F5E4466E0691728B26D4B75 /* Pods */,
				39375239CF1BF36CD3FDDE61 /* Frameworks */,
			);
			sourceTree = "<group>";
		};
		54280D1222572474001D55E8 /* Products */ = {
			isa = PBXGroup;
			children = (
				54280D1122572474001D55E8 /* Flixter.app */,
				54280D2522572474001D55E8 /* FlixterTests.xctest */,
			);
			name = Products;
			sourceTree = "<group>";
		};
		54280D1322572474001D55E8 /* Flixter */ = {
			isa = PBXGroup;
			children = (
				54280D1422572474001D55E8 /* AppDelegate.swift */,
				54280D1822572474001D55E8 /* Main.storyboard */,
				54280D1B22572474001D55E8 /* Assets.xcassets */,
				54280D1D22572474001D55E8 /* LaunchScreen.storyboard */,
				54280D2022572474001D55E8 /* Info.plist */,
				54280D3422572669001D55E8 /* MoviesViewController.swift */,
				54D7CC102259CCD2007C780A /* MovieCell.swift */,
				54969A4122679E8E0004F069 /* MovieDetailsViewControlelr.swift */,
				54F5557D226837E000C5BC5A /* MovieGridViewController.swift */,
				54E5153C2268F2EE00D26088 /* MovieGridCell.swift */,
				54A17CF622698C2E00F63C23 /* CollectionDetailsViewController.swift */,
				5412AAA5226D85C3001FBF51 /* UpcomingMoviesViewController.swift */,
				5412AAA7226D89D5001FBF51 /* UpcomingCell.swift */,
			);
			path = Flixter;
			sourceTree = "<group>";
		};
		54280D2822572474001D55E8 /* FlixterTests */ = {
			isa = PBXGroup;
			children = (
				54280D2922572474001D55E8 /* FlixterTests.swift */,
				54280D2B22572474001D55E8 /* Info.plist */,
			);
			path = FlixterTests;
			sourceTree = "<group>";
		};
		9F5E4466E0691728B26D4B75 /* Pods */ = {
			isa = PBXGroup;
			children = (
				DE0C8CD64A53E2B058952CE4 /* Pods-Flixter.debug.xcconfig */,
				044C81A66628148EEA9F8F53 /* Pods-Flixter.release.xcconfig */,
				554A75A82A7F6AC395DF9E78 /* Pods-FlixterTests.debug.xcconfig */,
				F73D0577E0A54B0DD554C31C /* Pods-FlixterTests.release.xcconfig */,
			);
			path = Pods;
			sourceTree = "<group>";
		};
/* End PBXGroup section */

/* Begin PBXNativeTarget section */
		54280D1022572473001D55E8 /* Flixter */ = {
			isa = PBXNativeTarget;
			buildConfigurationList = 54280D2E22572474001D55E8 /* Build configuration list for PBXNativeTarget "Flixter" */;
			buildPhases = (
				DA76361ED143DE0E07DA6CA2 /* [CP] Check Pods Manifest.lock */,
				54280D0D22572473001D55E8 /* Sources */,
				54280D0E22572473001D55E8 /* Frameworks */,
				54280D0F22572473001D55E8 /* Resources */,
				4CF2C37E187098B104A50AE5 /* [CP] Embed Pods Frameworks */,
			);
			buildRules = (
			);
			dependencies = (
			);
			name = Flixter;
			productName = Flixter;
			productReference = 54280D1122572474001D55E8 /* Flixter.app */;
			productType = "com.apple.product-type.application";
		};
		54280D2422572474001D55E8 /* FlixterTests */ = {
			isa = PBXNativeTarget;
			buildConfigurationList = 54280D3122572474001D55E8 /* Build configuration list for PBXNativeTarget "FlixterTests" */;
			buildPhases = (
				FC91CB6EF59395CF50B0F3AD /* [CP] Check Pods Manifest.lock */,
				54280D2122572474001D55E8 /* Sources */,
				54280D2222572474001D55E8 /* Frameworks */,
				54280D2322572474001D55E8 /* Resources */,
			);
			buildRules = (
			);
			dependencies = (
				54280D2722572474001D55E8 /* PBXTargetDependency */,
			);
			name = FlixterTests;
			productName = FlixterTests;
			productReference = 54280D2522572474001D55E8 /* FlixterTests.xctest */;
			productType = "com.apple.product-type.bundle.unit-test";
		};
/* End PBXNativeTarget section */

/* Begin PBXProject section */
		54280D0922572473001D55E8 /* Project object */ = {
			isa = PBXProject;
			attributes = {
				LastSwiftUpdateCheck = 1010;
				LastUpgradeCheck = 1010;
				ORGANIZATIONNAME = "Ryan M";
				TargetAttributes = {
					54280D1022572473001D55E8 = {
						CreatedOnToolsVersion = 10.1;
					};
					54280D2422572474001D55E8 = {
						CreatedOnToolsVersion = 10.1;
						TestTargetID = 54280D1022572473001D55E8;
					};
				};
			};
			buildConfigurationList = 54280D0C22572473001D55E8 /* Build configuration list for PBXProject "Flixter" */;
			compatibilityVersion = "Xcode 9.3";
			developmentRegion = en;
			hasScannedForEncodings = 0;
			knownRegions = (
				en,
				Base,
			);
			mainGroup = 54280D0822572473001D55E8;
			productRefGroup = 54280D1222572474001D55E8 /* Products */;
			projectDirPath = "";
			projectRoot = "";
			targets = (
				54280D1022572473001D55E8 /* Flixter */,
				54280D2422572474001D55E8 /* FlixterTests */,
			);
		};
/* End PBXProject section */

/* Begin PBXResourcesBuildPhase section */
		54280D0F22572473001D55E8 /* Resources */ = {
			isa = PBXResourcesBuildPhase;
			buildActionMask = 2147483647;
			files = (
				54280D1F22572474001D55E8 /* LaunchScreen.storyboard in Resources */,
				54280D1C22572474001D55E8 /* Assets.xcassets in Resources */,
				54280D1A22572474001D55E8 /* Main.storyboard in Resources */,
			);
			runOnlyForDeploymentPostprocessing = 0;
		};
		54280D2322572474001D55E8 /* Resources */ = {
			isa = PBXResourcesBuildPhase;
			buildActionMask = 2147483647;
			files = (
			);
			runOnlyForDeploymentPostprocessing = 0;
		};
/* End PBXResourcesBuildPhase section */

/* Begin PBXShellScriptBuildPhase section */
		4CF2C37E187098B104A50AE5 /* [CP] Embed Pods Frameworks */ = {
			isa = PBXShellScriptBuildPhase;
			buildActionMask = 2147483647;
			files = (
			);
			inputFileListPaths = (
			);
			inputPaths = (
				"${PODS_ROOT}/Target Support Files/Pods-Flixter/Pods-Flixter-frameworks.sh",
				"${BUILT_PRODUCTS_DIR}/Alamofire/Alamofire.framework",
				"${BUILT_PRODUCTS_DIR}/AlamofireImage/AlamofireImage.framework",
			);
			name = "[CP] Embed Pods Frameworks";
			outputFileListPaths = (
			);
			outputPaths = (
				"${TARGET_BUILD_DIR}/${FRAMEWORKS_FOLDER_PATH}/Alamofire.framework",
				"${TARGET_BUILD_DIR}/${FRAMEWORKS_FOLDER_PATH}/AlamofireImage.framework",
			);
			runOnlyForDeploymentPostprocessing = 0;
			shellPath = /bin/sh;
			shellScript = "\"${PODS_ROOT}/Target Support Files/Pods-Flixter/Pods-Flixter-frameworks.sh\"\n";
			showEnvVarsInLog = 0;
		};
		DA76361ED143DE0E07DA6CA2 /* [CP] Check Pods Manifest.lock */ = {
			isa = PBXShellScriptBuildPhase;
			buildActionMask = 2147483647;
			files = (
			);
			inputFileListPaths = (
			);
			inputPaths = (
				"${PODS_PODFILE_DIR_PATH}/Podfile.lock",
				"${PODS_ROOT}/Manifest.lock",
			);
			name = "[CP] Check Pods Manifest.lock";
			outputFileListPaths = (
			);
			outputPaths = (
				"$(DERIVED_FILE_DIR)/Pods-Flixter-checkManifestLockResult.txt",
			);
			runOnlyForDeploymentPostprocessing = 0;
			shellPath = /bin/sh;
			shellScript = "diff \"${PODS_PODFILE_DIR_PATH}/Podfile.lock\" \"${PODS_ROOT}/Manifest.lock\" > /dev/null\nif [ $? != 0 ] ; then\n    # print error to STDERR\n    echo \"error: The sandbox is not in sync with the Podfile.lock. Run 'pod install' or update your CocoaPods installation.\" >&2\n    exit 1\nfi\n# This output is used by Xcode 'outputs' to avoid re-running this script phase.\necho \"SUCCESS\" > \"${SCRIPT_OUTPUT_FILE_0}\"\n";
			showEnvVarsInLog = 0;
		};
		FC91CB6EF59395CF50B0F3AD /* [CP] Check Pods Manifest.lock */ = {
			isa = PBXShellScriptBuildPhase;
			buildActionMask = 2147483647;
			files = (
			);
			inputFileListPaths = (
			);
			inputPaths = (
				"${PODS_PODFILE_DIR_PATH}/Podfile.lock",
				"${PODS_ROOT}/Manifest.lock",
			);
			name = "[CP] Check Pods Manifest.lock";
			outputFileListPaths = (
			);
			outputPaths = (
				"$(DERIVED_FILE_DIR)/Pods-FlixterTests-checkManifestLockResult.txt",
			);
			runOnlyForDeploymentPostprocessing = 0;
			shellPath = /bin/sh;
			shellScript = "diff \"${PODS_PODFILE_DIR_PATH}/Podfile.lock\" \"${PODS_ROOT}/Manifest.lock\" > /dev/null\nif [ $? != 0 ] ; then\n    # print error to STDERR\n    echo \"error: The sandbox is not in sync with the Podfile.lock. Run 'pod install' or update your CocoaPods installation.\" >&2\n    exit 1\nfi\n# This output is used by Xcode 'outputs' to avoid re-running this script phase.\necho \"SUCCESS\" > \"${SCRIPT_OUTPUT_FILE_0}\"\n";
			showEnvVarsInLog = 0;
		};
/* End PBXShellScriptBuildPhase section */

/* Begin PBXSourcesBuildPhase section */
		54280D0D22572473001D55E8 /* Sources */ = {
			isa = PBXSourcesBuildPhase;
			buildActionMask = 2147483647;
			files = (
				54F5557E226837E000C5BC5A /* MovieGridViewController.swift in Sources */,
				54A17CF722698C2E00F63C23 /* CollectionDetailsViewController.swift in Sources */,
				54969A4222679E8E0004F069 /* MovieDetailsViewControlelr.swift in Sources */,
				54280D1522572474001D55E8 /* AppDelegate.swift in Sources */,
				54280D3522572669001D55E8 /* MoviesViewController.swift in Sources */,
				5412AAA6226D85C3001FBF51 /* UpcomingMoviesViewController.swift in Sources */,
				54E5153D2268F2EE00D26088 /* MovieGridCell.swift in Sources */,
				5412AAA8226D89D5001FBF51 /* UpcomingCell.swift in Sources */,
				54D7CC112259CCD2007C780A /* MovieCell.swift in Sources */,
			);
			runOnlyForDeploymentPostprocessing = 0;
		};
		54280D2122572474001D55E8 /* Sources */ = {
			isa = PBXSourcesBuildPhase;
			buildActionMask = 2147483647;
			files = (
				54280D2A22572474001D55E8 /* FlixterTests.swift in Sources */,
			);
			runOnlyForDeploymentPostprocessing = 0;
		};
/* End PBXSourcesBuildPhase section */

/* Begin PBXTargetDependency section */
		54280D2722572474001D55E8 /* PBXTargetDependency */ = {
			isa = PBXTargetDependency;
			target = 54280D1022572473001D55E8 /* Flixter */;
			targetProxy = 54280D2622572474001D55E8 /* PBXContainerItemProxy */;
		};
/* End PBXTargetDependency section */

/* Begin PBXVariantGroup section */
		54280D1822572474001D55E8 /* Main.storyboard */ = {
			isa = PBXVariantGroup;
			children = (
				54280D1922572474001D55E8 /* Base */,
			);
			name = Main.storyboard;
			sourceTree = "<group>";
		};
		54280D1D22572474001D55E8 /* LaunchScreen.storyboard */ = {
			isa = PBXVariantGroup;
			children = (
				54280D1E22572474001D55E8 /* Base */,
			);
			name = LaunchScreen.storyboard;
			sourceTree = "<group>";
		};
/* End PBXVariantGroup section */

/* Begin XCBuildConfiguration section */
		54280D2C22572474001D55E8 /* Debug */ = {
			isa = XCBuildConfiguration;
			buildSettings = {
				ALWAYS_SEARCH_USER_PATHS = NO;
				CLANG_ANALYZER_NONNULL = YES;
				CLANG_ANALYZER_NUMBER_OBJECT_CONVERSION = YES_AGGRESSIVE;
				CLANG_CXX_LANGUAGE_STANDARD = "gnu++14";
				CLANG_CXX_LIBRARY = "libc++";
				CLANG_ENABLE_MODULES = YES;
				CLANG_ENABLE_OBJC_ARC = YES;
				CLANG_ENABLE_OBJC_WEAK = YES;
				CLANG_WARN_BLOCK_CAPTURE_AUTORELEASING = YES;
				CLANG_WARN_BOOL_CONVERSION = YES;
				CLANG_WARN_COMMA = YES;
				CLANG_WARN_CONSTANT_CONVERSION = YES;
				CLANG_WARN_DEPRECATED_OBJC_IMPLEMENTATIONS = YES;
				CLANG_WARN_DIRECT_OBJC_ISA_USAGE = YES_ERROR;
				CLANG_WARN_DOCUMENTATION_COMMENTS = YES;
				CLANG_WARN_EMPTY_BODY = YES;
				CLANG_WARN_ENUM_CONVERSION = YES;
				CLANG_WARN_INFINITE_RECURSION = YES;
				CLANG_WARN_INT_CONVERSION = YES;
				CLANG_WARN_NON_LITERAL_NULL_CONVERSION = YES;
				CLANG_WARN_OBJC_IMPLICIT_RETAIN_SELF = YES;
				CLANG_WARN_OBJC_LITERAL_CONVERSION = YES;
				CLANG_WARN_OBJC_ROOT_CLASS = YES_ERROR;
				CLANG_WARN_RANGE_LOOP_ANALYSIS = YES;
				CLANG_WARN_STRICT_PROTOTYPES = YES;
				CLANG_WARN_SUSPICIOUS_MOVE = YES;
				CLANG_WARN_UNGUARDED_AVAILABILITY = YES_AGGRESSIVE;
				CLANG_WARN_UNREACHABLE_CODE = YES;
				CLANG_WARN__DUPLICATE_METHOD_MATCH = YES;
				CODE_SIGN_IDENTITY = "iPhone Developer";
				COPY_PHASE_STRIP = NO;
				DEBUG_INFORMATION_FORMAT = dwarf;
				ENABLE_STRICT_OBJC_MSGSEND = YES;
				ENABLE_TESTABILITY = YES;
				GCC_C_LANGUAGE_STANDARD = gnu11;
				GCC_DYNAMIC_NO_PIC = NO;
				GCC_NO_COMMON_BLOCKS = YES;
				GCC_OPTIMIZATION_LEVEL = 0;
				GCC_PREPROCESSOR_DEFINITIONS = (
					"DEBUG=1",
					"$(inherited)",
				);
				GCC_WARN_64_TO_32_BIT_CONVERSION = YES;
				GCC_WARN_ABOUT_RETURN_TYPE = YES_ERROR;
				GCC_WARN_UNDECLARED_SELECTOR = YES;
				GCC_WARN_UNINITIALIZED_AUTOS = YES_AGGRESSIVE;
				GCC_WARN_UNUSED_FUNCTION = YES;
				GCC_WARN_UNUSED_VARIABLE = YES;
				IPHONEOS_DEPLOYMENT_TARGET = 12.1;
				MTL_ENABLE_DEBUG_INFO = INCLUDE_SOURCE;
				MTL_FAST_MATH = YES;
				ONLY_ACTIVE_ARCH = YES;
				SDKROOT = iphoneos;
				SWIFT_ACTIVE_COMPILATION_CONDITIONS = DEBUG;
				SWIFT_OPTIMIZATION_LEVEL = "-Onone";
			};
			name = Debug;
		};
		54280D2D22572474001D55E8 /* Release */ = {
			isa = XCBuildConfiguration;
			buildSettings = {
				ALWAYS_SEARCH_USER_PATHS = NO;
				CLANG_ANALYZER_NONNULL = YES;
				CLANG_ANALYZER_NUMBER_OBJECT_CONVERSION = YES_AGGRESSIVE;
				CLANG_CXX_LANGUAGE_STANDARD = "gnu++14";
				CLANG_CXX_LIBRARY = "libc++";
				CLANG_ENABLE_MODULES = YES;
				CLANG_ENABLE_OBJC_ARC = YES;
				CLANG_ENABLE_OBJC_WEAK = YES;
				CLANG_WARN_BLOCK_CAPTURE_AUTORELEASING = YES;
				CLANG_WARN_BOOL_CONVERSION = YES;
				CLANG_WARN_COMMA = YES;
				CLANG_WARN_CONSTANT_CONVERSION = YES;
				CLANG_WARN_DEPRECATED_OBJC_IMPLEMENTATIONS = YES;
				CLANG_WARN_DIRECT_OBJC_ISA_USAGE = YES_ERROR;
				CLANG_WARN_DOCUMENTATION_COMMENTS = YES;
				CLANG_WARN_EMPTY_BODY = YES;
				CLANG_WARN_ENUM_CONVERSION = YES;
				CLANG_WARN_INFINITE_RECURSION = YES;
				CLANG_WARN_INT_CONVERSION = YES;
				CLANG_WARN_NON_LITERAL_NULL_CONVERSION = YES;
				CLANG_WARN_OBJC_IMPLICIT_RETAIN_SELF = YES;
				CLANG_WARN_OBJC_LITERAL_CONVERSION = YES;
				CLANG_WARN_OBJC_ROOT_CLASS = YES_ERROR;
				CLANG_WARN_RANGE_LOOP_ANALYSIS = YES;
				CLANG_WARN_STRICT_PROTOTYPES = YES;
				CLANG_WARN_SUSPICIOUS_MOVE = YES;
				CLANG_WARN_UNGUARDED_AVAILABILITY = YES_AGGRESSIVE;
				CLANG_WARN_UNREACHABLE_CODE = YES;
				CLANG_WARN__DUPLICATE_METHOD_MATCH = YES;
				CODE_SIGN_IDENTITY = "iPhone Developer";
				COPY_PHASE_STRIP = NO;
				DEBUG_INFORMATION_FORMAT = "dwarf-with-dsym";
				ENABLE_NS_ASSERTIONS = NO;
				ENABLE_STRICT_OBJC_MSGSEND = YES;
				GCC_C_LANGUAGE_STANDARD = gnu11;
				GCC_NO_COMMON_BLOCKS = YES;
				GCC_WARN_64_TO_32_BIT_CONVERSION = YES;
				GCC_WARN_ABOUT_RETURN_TYPE = YES_ERROR;
				GCC_WARN_UNDECLARED_SELECTOR = YES;
				GCC_WARN_UNINITIALIZED_AUTOS = YES_AGGRESSIVE;
				GCC_WARN_UNUSED_FUNCTION = YES;
				GCC_WARN_UNUSED_VARIABLE = YES;
				IPHONEOS_DEPLOYMENT_TARGET = 12.1;
				MTL_ENABLE_DEBUG_INFO = NO;
				MTL_FAST_MATH = YES;
				SDKROOT = iphoneos;
				SWIFT_COMPILATION_MODE = wholemodule;
				SWIFT_OPTIMIZATION_LEVEL = "-O";
				VALIDATE_PRODUCT = YES;
			};
			name = Release;
		};
		54280D2F22572474001D55E8 /* Debug */ = {
			isa = XCBuildConfiguration;
			baseConfigurationReference = DE0C8CD64A53E2B058952CE4 /* Pods-Flixter.debug.xcconfig */;
			buildSettings = {
				ASSETCATALOG_COMPILER_APPICON_NAME = AppIcon;
				CODE_SIGN_STYLE = Automatic;
				INFOPLIST_FILE = Flixter/Info.plist;
				LD_RUNPATH_SEARCH_PATHS = (
					"$(inherited)",
					"@executable_path/Frameworks",
				);
				PRODUCT_BUNDLE_IDENTIFIER = com.example.Flixter;
				PRODUCT_NAME = "$(TARGET_NAME)";
				SWIFT_VERSION = 4.2;
				TARGETED_DEVICE_FAMILY = "1,2";
			};
			name = Debug;
		};
		54280D3022572474001D55E8 /* Release */ = {
			isa = XCBuildConfiguration;
			baseConfigurationReference = 044C81A66628148EEA9F8F53 /* Pods-Flixter.release.xcconfig */;
			buildSettings = {
				ASSETCATALOG_COMPILER_APPICON_NAME = AppIcon;
				CODE_SIGN_STYLE = Automatic;
				INFOPLIST_FILE = Flixter/Info.plist;
				LD_RUNPATH_SEARCH_PATHS = (
					"$(inherited)",
					"@executable_path/Frameworks",
				);
				PRODUCT_BUNDLE_IDENTIFIER = com.example.Flixter;
				PRODUCT_NAME = "$(TARGET_NAME)";
				SWIFT_VERSION = 4.2;
				TARGETED_DEVICE_FAMILY = "1,2";
			};
			name = Release;
		};
		54280D3222572474001D55E8 /* Debug */ = {
			isa = XCBuildConfiguration;
			baseConfigurationReference = 554A75A82A7F6AC395DF9E78 /* Pods-FlixterTests.debug.xcconfig */;
			buildSettings = {
				ALWAYS_EMBED_SWIFT_STANDARD_LIBRARIES = YES;
				BUNDLE_LOADER = "$(TEST_HOST)";
				CODE_SIGN_STYLE = Automatic;
				INFOPLIST_FILE = FlixterTests/Info.plist;
				LD_RUNPATH_SEARCH_PATHS = (
					"$(inherited)",
					"@executable_path/Frameworks",
					"@loader_path/Frameworks",
				);
				PRODUCT_BUNDLE_IDENTIFIER = com.example.FlixterTests;
				PRODUCT_NAME = "$(TARGET_NAME)";
				SWIFT_VERSION = 4.2;
				TARGETED_DEVICE_FAMILY = "1,2";
				TEST_HOST = "$(BUILT_PRODUCTS_DIR)/Flixter.app/Flixter";
			};
			name = Debug;
		};
		54280D3322572474001D55E8 /* Release */ = {
			isa = XCBuildConfiguration;
			baseConfigurationReference = F73D0577E0A54B0DD554C31C /* Pods-FlixterTests.release.xcconfig */;
			buildSettings = {
				ALWAYS_EMBED_SWIFT_STANDARD_LIBRARIES = YES;
				BUNDLE_LOADER = "$(TEST_HOST)";
				CODE_SIGN_STYLE = Automatic;
				INFOPLIST_FILE = FlixterTests/Info.plist;
				LD_RUNPATH_SEARCH_PATHS = (
					"$(inherited)",
					"@executable_path/Frameworks",
					"@loader_path/Frameworks",
				);
				PRODUCT_BUNDLE_IDENTIFIER = com.example.FlixterTests;
				PRODUCT_NAME = "$(TARGET_NAME)";
				SWIFT_VERSION = 4.2;
				TARGETED_DEVICE_FAMILY = "1,2";
				TEST_HOST = "$(BUILT_PRODUCTS_DIR)/Flixter.app/Flixter";
			};
			name = Release;
		};
/* End XCBuildConfiguration section */

/* Begin XCConfigurationList section */
		54280D0C22572473001D55E8 /* Build configuration list for PBXProject "Flixter" */ = {
			isa = XCConfigurationList;
			buildConfigurations = (
				54280D2C22572474001D55E8 /* Debug */,
				54280D2D22572474001D55E8 /* Release */,
			);
			defaultConfigurationIsVisible = 0;
			defaultConfigurationName = Release;
		};
		54280D2E22572474001D55E8 /* Build configuration list for PBXNativeTarget "Flixter" */ = {
			isa = XCConfigurationList;
			buildConfigurations = (
				54280D2F22572474001D55E8 /* Debug */,
				54280D3022572474001D55E8 /* Release */,
			);
			defaultConfigurationIsVisible = 0;
			defaultConfigurationName = Release;
		};
		54280D3122572474001D55E8 /* Build configuration list for PBXNativeTarget "FlixterTests" */ = {
			isa = XCConfigurationList;
			buildConfigurations = (
				54280D3222572474001D55E8 /* Debug */,
				54280D3322572474001D55E8 /* Release */,
			);
			defaultConfigurationIsVisible = 0;
			defaultConfigurationName = Release;
		};
/* End XCConfigurationList section */
	};
	rootObject = 54280D0922572473001D55E8 /* Project object */;
}
